
Microsoft Visual Studio Solution File, Format Version 12.00
# Visual Studio Version 17
VisualStudioVersion = 17.3.32929.385
MinimumVisualStudioVersion = 10.0.40219.1
Project("{FAE04EC0-301F-11D3-BF4B-00C04F79EFBC}") = "BusinessExam", "BusinessExam\BusinessExam.csproj", "{D6492DEF-B859-4801-8D31-EC221A5E1CDC}"
EndProject
Global
	GlobalSection(SolutionConfigurationPlatforms) = preSolution
		Debug|Any CPU = Debug|Any CPU
		Release|Any CPU = Release|Any CPU
	EndGlobalSection
	GlobalSection(ProjectConfigurationPlatforms) = postSolution
		{D6492DEF-B859-4801-8D31-EC221A5E1CDC}.Debug|Any CPU.ActiveCfg = Debug|Any CPU
		{D6492DEF-B859-4801-8D31-EC221A5E1CDC}.Debug|Any CPU.Build.0 = Debug|Any CPU
		{D6492DEF-B859-4801-8D31-EC221A5E1CDC}.Release|Any CPU.ActiveCfg = Release|Any CPU
		{D6492DEF-B859-4801-8D31-EC221A5E1CDC}.Release|Any CPU.Build.0 = Release|Any CPU
	EndGlobalSection
	GlobalSection(SolutionProperties) = preSolution
		HideSolutionNode = FALSE
	EndGlobalSection
	GlobalSection(ExtensibilityGlobals) = postSolution
		SolutionGuid = {E45F3EE9-5ED5-4A17-A4EC-69A3ECE9D89C}
	EndGlobalSection
EndGlobal
